#MicroXplorer Configuration settings - do not modify
CAD.formats=
CAD.pinconfig=
CAD.provider=
CORTEX_M7.AccessPermission-Cortex_Memory_Protection_Unit_Region0_Settings=MPU_REGION_FULL_ACCESS
CORTEX_M7.AccessPermission-Cortex_Memory_Protection_Unit_Region1_Settings=MPU_REGION_FULL_ACCESS
CORTEX_M7.AccessPermission-Cortex_Memory_Protection_Unit_Region2_Settings=MPU_REGION_FULL_ACCESS
CORTEX_M7.BaseAddress-Cortex_Memory_Protection_Unit_Region0_Settings=0xC0000000
CORTEX_M7.BaseAddress-Cortex_Memory_Protection_Unit_Region1_Settings=0x38000000
CORTEX_M7.BaseAddress-Cortex_Memory_Protection_Unit_Region2_Settings=0x2407C000
CORTEX_M7.CPU_DCache=Enabled
CORTEX_M7.CPU_ICache=Enabled
CORTEX_M7.Enable-Cortex_Memory_Protection_Unit_Region0_Settings=MPU_REGION_ENABLE
CORTEX_M7.Enable-Cortex_Memory_Protection_Unit_Region1_Settings=MPU_REGION_ENABLE
CORTEX_M7.Enable-Cortex_Memory_Protection_Unit_Region2_Settings=MPU_REGION_ENABLE
CORTEX_M7.IPParameters=CPU_ICache,CPU_DCache,MPU_Control,Enable-Cortex_Memory_Protection_Unit_Region0_Settings,BaseAddress-Cortex_Memory_Protection_Unit_Region0_Settings,Size-Cortex_Memory_Protection_Unit_Region0_Settings,AccessPermission-Cortex_Memory_Protection_Unit_Region0_Settings,IsCacheable-Cortex_Memory_Protection_Unit_Region0_Settings,Enable-Cortex_Memory_Protection_Unit_Region1_Settings,BaseAddress-Cortex_Memory_Protection_Unit_Region1_Settings,Size-Cortex_Memory_Protection_Unit_Region1_Settings,AccessPermission-Cortex_Memory_Protection_Unit_Region1_Settings,Enable-Cortex_Memory_Protection_Unit_Region2_Settings,BaseAddress-Cortex_Memory_Protection_Unit_Region2_Settings,Size-Cortex_Memory_Protection_Unit_Region2_Settings,AccessPermission-Cortex_Memory_Protection_Unit_Region2_Settings
CORTEX_M7.IsCacheable-Cortex_Memory_Protection_Unit_Region0_Settings=MPU_ACCESS_CACHEABLE
CORTEX_M7.MPU_Control=MPU_PRIVILEGED_DEFAULT
CORTEX_M7.Size-Cortex_Memory_Protection_Unit_Region0_Settings=MPU_REGION_SIZE_32MB
CORTEX_M7.Size-Cortex_Memory_Protection_Unit_Region1_Settings=MPU_REGION_SIZE_64KB
CORTEX_M7.Size-Cortex_Memory_Protection_Unit_Region2_Settings=MPU_REGION_SIZE_16KB
Dma.Request0=SPI5_TX
Dma.RequestsNb=1
Dma.SPI5_TX.0.Direction=DMA_MEMORY_TO_PERIPH
Dma.SPI5_TX.0.EventEnable=DISABLE
Dma.SPI5_TX.0.FIFOMode=DMA_FIFOMODE_ENABLE
Dma.SPI5_TX.0.FIFOThreshold=DMA_FIFO_THRESHOLD_FULL
Dma.SPI5_TX.0.Instance=DMA1_Stream0
Dma.SPI5_TX.0.MemBurst=DMA_MBURST_SINGLE
Dma.SPI5_TX.0.MemDataAlignment=DMA_MDATAALIGN_BYTE
Dma.SPI5_TX.0.MemInc=DMA_MINC_ENABLE
Dma.SPI5_TX.0.Mode=DMA_NORMAL
Dma.SPI5_TX.0.PeriphBurst=DMA_PBURST_SINGLE
Dma.SPI5_TX.0.PeriphDataAlignment=DMA_PDATAALIGN_BYTE
Dma.SPI5_TX.0.PeriphInc=DMA_PINC_DISABLE
Dma.SPI5_TX.0.Polarity=HAL_DMAMUX_REQ_GEN_RISING
Dma.SPI5_TX.0.Priority=DMA_PRIORITY_LOW
Dma.SPI5_TX.0.RequestNumber=1
Dma.SPI5_TX.0.RequestParameters=Instance,Direction,PeriphInc,MemInc,PeriphDataAlignment,MemDataAlignment,Mode,Priority,FIFOMode,FIFOThreshold,MemBurst,PeriphBurst,SignalID,Polarity,RequestNumber,SyncSignalID,SyncPolarity,SyncEnable,EventEnable,SyncRequestNumber
Dma.SPI5_TX.0.SignalID=NONE
Dma.SPI5_TX.0.SyncEnable=DISABLE
Dma.SPI5_TX.0.SyncPolarity=HAL_DMAMUX_SYNC_NO_EVENT
Dma.SPI5_TX.0.SyncRequestNumber=1
Dma.SPI5_TX.0.SyncSignalID=NONE
FATFS.BSP.number=1
FATFS.IPParameters=_USE_STRFUNC,_USE_LFN
FATFS._USE_LFN=2
FATFS._USE_STRFUNC=0
FATFS0.BSP.STBoard=false
FATFS0.BSP.api=Unknown
FATFS0.BSP.component=
FATFS0.BSP.condition=
FATFS0.BSP.instance=PB0
FATFS0.BSP.ip=GPIO
FATFS0.BSP.mode=Input
FATFS0.BSP.name=Detect_SDIO
FATFS0.BSP.semaphore=
FATFS0.BSP.solution=PB0
FMC.CASLatency1=FMC_SDRAM_CAS_LATENCY_3
FMC.ColumnBitsNumber1=FMC_SDRAM_COLUMN_BITS_NUM_9
FMC.ExitSelfRefreshDelay1=7
FMC.IPParameters=CASLatency1,ColumnBitsNumber1,ReadBurst1,SDClockPeriod1,ReadPipeDelay1,LoadToActiveDelay1,ExitSelfRefreshDelay1,SelfRefreshTime1,RowCycleDelay1,WriteRecoveryTime1,RPDelay1,RCDDelay1
FMC.LoadToActiveDelay1=2
FMC.RCDDelay1=2
FMC.RPDelay1=2
FMC.ReadBurst1=FMC_SDRAM_RBURST_ENABLE
FMC.ReadPipeDelay1=FMC_SDRAM_RPIPE_DELAY_0
FMC.RowCycleDelay1=7
FMC.SDClockPeriod1=FMC_SDRAM_CLOCK_PERIOD_2
FMC.SelfRefreshTime1=4
FMC.WriteRecoveryTime1=3
FREERTOS.FootprintOK=true
FREERTOS.IPParameters=Tasks01,configTIMER_TASK_PRIORITY,FootprintOK
FREERTOS.Tasks01=defaultTask,8,128,StartDefaultTask,Default,NULL,Dynamic,NULL,NULL;displayTask,32,512,StartDisplayTask,Default,NULL,Dynamic,NULL,NULL;emuTask,24,512,StartEmuTask,Default,NULL,Dynamic,NULL,NULL
FREERTOS.configTIMER_TASK_PRIORITY=48
File.Version=6
GPIO.groupedBy=Group By Peripherals
KeepUserPlacement=false
Mcu.CPN=STM32H750XBH6
Mcu.Family=STM32H7
Mcu.IP0=CORTEX_M7
Mcu.IP1=DMA
Mcu.IP10=SPI5
Mcu.IP11=SYS
Mcu.IP12=USART1
Mcu.IP2=FATFS
Mcu.IP3=FMC
Mcu.IP4=FREERTOS
Mcu.IP5=MDMA
Mcu.IP6=NVIC
Mcu.IP7=QUADSPI
Mcu.IP8=RCC
Mcu.IP9=SDMMC1
Mcu.IPNb=13
Mcu.Name=STM32H750XBHx
Mcu.Package=TFBGA240
Mcu.Pin0=PI5
Mcu.Pin1=PC10
Mcu.Pin10=PA10
Mcu.Pin11=PA9
Mcu.Pin12=PH13
Mcu.Pin13=PD1
Mcu.Pin14=PC8
Mcu.Pin15=PC9
Mcu.Pin16=PG8
Mcu.Pin17=PF2
Mcu.Pin18=PF1
Mcu.Pin19=PF0
Mcu.Pin2=PE1
Mcu.Pin20=PG5
Mcu.Pin21=PG6
Mcu.Pin22=PF3
Mcu.Pin23=PG4
Mcu.Pin24=PH1-OSC_OUT (PH1)
Mcu.Pin25=PH0-OSC_IN (PH0)
Mcu.Pin26=PF5
Mcu.Pin27=PF4
Mcu.Pin28=PK0
Mcu.Pin29=PF6
Mcu.Pin3=PG11
Mcu.Pin30=PF7
Mcu.Pin31=PF8
Mcu.Pin32=PJ11
Mcu.Pin33=PC0
Mcu.Pin34=PF10
Mcu.Pin35=PF9
Mcu.Pin36=PJ10
Mcu.Pin37=PH2
Mcu.Pin38=PE10
Mcu.Pin39=PH3
Mcu.Pin4=PC11
Mcu.Pin40=PH5
Mcu.Pin41=PF13
Mcu.Pin42=PF14
Mcu.Pin43=PE9
Mcu.Pin44=PE11
Mcu.Pin45=PH10
Mcu.Pin46=PH11
Mcu.Pin47=PD15
Mcu.Pin48=PD14
Mcu.Pin49=PF12
Mcu.Pin5=PE0
Mcu.Pin50=PF15
Mcu.Pin51=PE12
Mcu.Pin52=PE15
Mcu.Pin53=PH9
Mcu.Pin54=PH12
Mcu.Pin55=PF11
Mcu.Pin56=PG0
Mcu.Pin57=PE8
Mcu.Pin58=PE13
Mcu.Pin59=PH6
Mcu.Pin6=PC12
Mcu.Pin60=PH8
Mcu.Pin61=PD10
Mcu.Pin62=PD9
Mcu.Pin63=PB0
Mcu.Pin64=PG1
Mcu.Pin65=PE7
Mcu.Pin66=PE14
Mcu.Pin67=PD8
Mcu.Pin68=VP_FATFS_VS_SDIO
Mcu.Pin69=VP_FREERTOS_VS_CMSIS_V2
Mcu.Pin7=PG15
Mcu.Pin70=VP_SYS_VS_tim2
Mcu.Pin8=PD2
Mcu.Pin9=PD0
Mcu.PinsNb=71
Mcu.ThirdParty0=STMicroelectronics.X-CUBE-TOUCHGFX.4.20.0
Mcu.ThirdPartyNb=1
Mcu.UserConstants=
Mcu.UserName=STM32H750XBHx
Mdma.MDMA_Channel0.Request0=SDMMC1_END_DATA
Mdma.MDMA_Channel0.RequestsNb=1
Mdma.MDMA_Channel0.SDMMC1_END_DATA.0.BlockCount=0
Mdma.MDMA_Channel0.SDMMC1_END_DATA.0.BlockDataLength=0
Mdma.MDMA_Channel0.SDMMC1_END_DATA.0.BufferTransferLength=1
Mdma.MDMA_Channel0.SDMMC1_END_DATA.0.CircularMode=MDMA_LINEAR_LIST
Mdma.MDMA_Channel0.SDMMC1_END_DATA.0.DataAlignment=MDMA_DATAALIGN_PACKENABLE
Mdma.MDMA_Channel0.SDMMC1_END_DATA.0.DestBlockAddressOffset=0
Mdma.MDMA_Channel0.SDMMC1_END_DATA.0.DestBurst=MDMA_DEST_BURST_SINGLE
Mdma.MDMA_Channel0.SDMMC1_END_DATA.0.DestDataSize=MDMA_DEST_DATASIZE_BYTE
Mdma.MDMA_Channel0.SDMMC1_END_DATA.0.DestinationInc=MDMA_DEST_INC_BYTE
Mdma.MDMA_Channel0.SDMMC1_END_DATA.0.DstAddress=0
Mdma.MDMA_Channel0.SDMMC1_END_DATA.0.Endianness=MDMA_LITTLE_ENDIANNESS_PRESERVE
Mdma.MDMA_Channel0.SDMMC1_END_DATA.0.Instance=MDMA_Channel0
Mdma.MDMA_Channel0.SDMMC1_END_DATA.0.MaskAddress=0
Mdma.MDMA_Channel0.SDMMC1_END_DATA.0.MaskData=0
Mdma.MDMA_Channel0.SDMMC1_END_DATA.0.Priority=MDMA_PRIORITY_LOW
Mdma.MDMA_Channel0.SDMMC1_END_DATA.0.Rank=First
Mdma.MDMA_Channel0.SDMMC1_END_DATA.0.RequestParameters=Instance,CircularMode,TransferTriggerMode,Priority,Endianness,SourceInc,DestinationInc,SourceDataSize,DestDataSize,DataAlignment,BufferTransferLength,SourceBurst,DestBurst,SourceBlockAddressOffset,DestBlockAddressOffset,MaskAddress,MaskData,SrcAddress,DstAddress,BlockDataLength,BlockCount,Rank
Mdma.MDMA_Channel0.SDMMC1_END_DATA.0.SourceBlockAddressOffset=0
Mdma.MDMA_Channel0.SDMMC1_END_DATA.0.SourceBurst=MDMA_SOURCE_BURST_SINGLE
Mdma.MDMA_Channel0.SDMMC1_END_DATA.0.SourceDataSize=MDMA_SRC_DATASIZE_BYTE
Mdma.MDMA_Channel0.SDMMC1_END_DATA.0.SourceInc=MDMA_SRC_INC_BYTE
Mdma.MDMA_Channel0.SDMMC1_END_DATA.0.SrcAddress=0
Mdma.MDMA_Channel0.SDMMC1_END_DATA.0.TransferTriggerMode=MDMA_BUFFER_TRANSFER
Mdma.RequestSet0=MDMA_Channel0
Mdma.RequestSetsNb=1
MxCube.Version=6.9.1
MxDb.Version=DB.6.0.91
NVIC.BusFault_IRQn=true\:0\:0\:false\:false\:true\:false\:false\:false\:false
NVIC.DMA1_Stream0_IRQn=true\:5\:0\:false\:false\:true\:true\:false\:true\:true
NVIC.DebugMonitor_IRQn=true\:0\:0\:false\:false\:true\:false\:false\:false\:false
NVIC.ForceEnableDMAVector=true
NVIC.HardFault_IRQn=true\:0\:0\:false\:false\:true\:false\:false\:false\:false
NVIC.MDMA_IRQn=true\:5\:0\:false\:false\:true\:true\:false\:true\:true
NVIC.MemoryManagement_IRQn=true\:0\:0\:false\:false\:true\:false\:false\:false\:false
NVIC.NonMaskableInt_IRQn=true\:0\:0\:false\:false\:true\:false\:false\:false\:false
NVIC.PendSV_IRQn=true\:15\:0\:false\:false\:false\:true\:false\:false\:false
NVIC.PriorityGroup=NVIC_PRIORITYGROUP_4
NVIC.SDMMC1_IRQn=true\:5\:0\:false\:false\:true\:true\:true\:true\:true
NVIC.SPI5_IRQn=true\:5\:0\:false\:false\:true\:true\:false\:true\:true
NVIC.SVCall_IRQn=true\:0\:0\:false\:false\:false\:false\:false\:false\:false
NVIC.SavedPendsvIrqHandlerGenerated=true
NVIC.SavedSvcallIrqHandlerGenerated=true
NVIC.SavedSystickIrqHandlerGenerated=true
NVIC.SysTick_IRQn=true\:15\:0\:false\:false\:false\:true\:false\:true\:false
NVIC.TIM2_IRQn=true\:15\:0\:false\:false\:true\:false\:false\:true\:true
NVIC.TimeBase=TIM2_IRQn
NVIC.TimeBaseIP=TIM2
NVIC.UsageFault_IRQn=true\:0\:0\:false\:false\:true\:false\:false\:false\:false
PA10.Locked=true
PA10.Mode=Asynchronous
PA10.Signal=USART1_RX
PA9.Locked=true
PA9.Mode=Asynchronous
PA9.Signal=USART1_TX
PB0.GPIOParameters=GPIO_PuPd,GPIO_Label
PB0.GPIO_Label=SD_SELECT
PB0.GPIO_PuPd=GPIO_PULLDOWN
PB0.Locked=true
PB0.Signal=GPIO_Input
PC0.Signal=FMC_SDNWE
PC10.Mode=SD_4_bits_Wide_bus
PC10.Signal=SDMMC1_D2
PC11.Mode=SD_4_bits_Wide_bus
PC11.Signal=SDMMC1_D3
PC12.Mode=SD_4_bits_Wide_bus
PC12.Signal=SDMMC1_CK
PC8.Mode=SD_4_bits_Wide_bus
PC8.Signal=SDMMC1_D0
PC9.Mode=SD_4_bits_Wide_bus
PC9.Signal=SDMMC1_D1
PD0.Signal=FMC_D2_DA2
PD1.Signal=FMC_D3_DA3
PD10.Signal=FMC_D15_DA15
PD14.Signal=FMC_D0_DA0
PD15.Signal=FMC_D1_DA1
PD2.Mode=SD_4_bits_Wide_bus
PD2.Signal=SDMMC1_CMD
PD8.Signal=FMC_D13_DA13
PD9.Signal=FMC_D14_DA14
PE0.Signal=FMC_NBL0
PE1.Signal=FMC_NBL1
PE10.Signal=FMC_D7_DA7
PE11.Signal=FMC_D8_DA8
PE12.Signal=FMC_D9_DA9
PE13.Signal=FMC_D10_DA10
PE14.Signal=FMC_D11_DA11
PE15.Signal=FMC_D12_DA12
PE7.Signal=FMC_D4_DA4
PE8.Signal=FMC_D5_DA5
PE9.Signal=FMC_D6_DA6
PF0.Signal=FMC_A0
PF1.Signal=FMC_A1
PF10.GPIOParameters=GPIO_Speed
PF10.GPIO_Speed=GPIO_SPEED_FREQ_VERY_HIGH
PF10.Mode=Single Bank 1
PF10.Signal=QUADSPI_CLK
PF11.Signal=FMC_SDNRAS
PF12.Signal=FMC_A6
PF13.Signal=FMC_A7
PF14.Signal=FMC_A8
PF15.Signal=FMC_A9
PF2.Signal=FMC_A2
PF3.Signal=FMC_A3
PF4.Signal=FMC_A4
PF5.Signal=FMC_A5
PF6.GPIOParameters=GPIO_Speed
PF6.GPIO_Speed=GPIO_SPEED_FREQ_VERY_HIGH
PF6.Mode=Single Bank 1
PF6.Signal=QUADSPI_BK1_IO3
PF7.GPIOParameters=GPIO_Speed
PF7.GPIO_Speed=GPIO_SPEED_FREQ_VERY_HIGH
PF7.Locked=true
PF7.Mode=Single Bank 1
PF7.Signal=QUADSPI_BK1_IO2
PF8.GPIOParameters=GPIO_Speed
PF8.GPIO_Speed=GPIO_SPEED_FREQ_VERY_HIGH
PF8.Locked=true
PF8.Mode=Single Bank 1
PF8.Signal=QUADSPI_BK1_IO0
PF9.GPIOParameters=GPIO_Speed
PF9.GPIO_Speed=GPIO_SPEED_FREQ_VERY_HIGH
PF9.Locked=true
PF9.Mode=Single Bank 1
PF9.Signal=QUADSPI_BK1_IO1
PG0.Signal=FMC_A10
PG1.Signal=FMC_A11
PG11.GPIOParameters=GPIO_PuPd,GPIO_Label
PG11.GPIO_Label=KEY_START
PG11.GPIO_PuPd=GPIO_PULLUP
PG11.Locked=true
PG11.Signal=GPIO_Input
PG15.Signal=FMC_SDNCAS
PG4.Signal=FMC_A14_BA0
PG5.Signal=FMC_A15_BA1
PG6.GPIOParameters=GPIO_Speed
PG6.GPIO_Speed=GPIO_SPEED_FREQ_VERY_HIGH
PG6.Locked=true
PG6.Mode=Single Bank 1
PG6.Signal=QUADSPI_BK1_NCS
PG8.Signal=FMC_SDCLK
PH0-OSC_IN\ (PH0).Mode=HSE-External-Oscillator
PH0-OSC_IN\ (PH0).Signal=RCC_OSC_IN
PH1-OSC_OUT\ (PH1).Mode=HSE-External-Oscillator
PH1-OSC_OUT\ (PH1).Signal=RCC_OSC_OUT
PH10.GPIOParameters=GPIO_PuPd,GPIO_Label
PH10.GPIO_Label=KEY_DOWN
PH10.GPIO_PuPd=GPIO_PULLUP
PH10.Locked=true
PH10.Signal=GPIO_Input
PH11.GPIOParameters=GPIO_PuPd,GPIO_Label
PH11.GPIO_Label=KEY_LEFT
PH11.GPIO_PuPd=GPIO_PULLUP
PH11.Locked=true
PH11.Signal=GPIO_Input
PH12.GPIOParameters=GPIO_PuPd,GPIO_Label
PH12.GPIO_Label=KEY_UP
PH12.GPIO_PuPd=GPIO_PULLUP
PH12.Locked=true
PH12.Signal=GPIO_Input
PH13.GPIOParameters=GPIO_PuPd,GPIO_Label
PH13.GPIO_Label=KEY_B
PH13.GPIO_PuPd=GPIO_PULLUP
PH13.Locked=true
PH13.Signal=GPIO_Input
PH2.Locked=true
PH2.Mode=SdramChipSelect1_1
PH2.Signal=FMC_SDCKE0
PH3.Locked=true
PH3.Mode=SdramChipSelect1_1
PH3.Signal=FMC_SDNE0
PH5.GPIOParameters=GPIO_Speed,GPIO_Label
PH5.GPIO_Label=SPI5_CS
PH5.GPIO_Speed=GPIO_SPEED_FREQ_VERY_HIGH
PH5.Locked=true
PH5.Signal=GPIO_Output
PH6.GPIOParameters=PinState,GPIO_Label
PH6.GPIO_Label=LCD_BACKLIGHT
PH6.Locked=true
PH6.PinState=GPIO_PIN_SET
PH6.Signal=GPIO_Output
PH8.GPIOParameters=GPIO_PuPd,GPIO_Label
PH8.GPIO_Label=KEY_A
PH8.GPIO_PuPd=GPIO_PULLUP
PH8.Locked=true
PH8.Signal=GPIO_Input
PH9.GPIOParameters=GPIO_PuPd,GPIO_Label
PH9.GPIO_Label=KEY_RIGHT
PH9.GPIO_PuPd=GPIO_PULLUP
PH9.Locked=true
PH9.Signal=GPIO_Input
PI5.GPIOParameters=GPIO_PuPd,GPIO_Label
PI5.GPIO_Label=KEY_SELECT
PI5.GPIO_PuPd=GPIO_PULLUP
PI5.Locked=true
PI5.Signal=GPIO_Input
PJ10.GPIOParameters=GPIO_Speed
PJ10.GPIO_Speed=GPIO_SPEED_FREQ_VERY_HIGH
PJ10.Mode=TX_Only_Simplex_Unidirect_Master
PJ10.Signal=SPI5_MOSI
PJ11.GPIOParameters=PinState,GPIO_Label
PJ11.GPIO_Label=LCD_DC
PJ11.Locked=true
PJ11.PinState=GPIO_PIN_RESET
PJ11.Signal=GPIO_Output
PK0.GPIOParameters=GPIO_Speed
PK0.GPIO_Speed=GPIO_SPEED_FREQ_VERY_HIGH
PK0.Mode=TX_Only_Simplex_Unidirect_Master
PK0.Signal=SPI5_SCK
PinOutPanel.CurrentBGAView=Top
PinOutPanel.RotationAngle=0
ProjectManager.AskForMigrate=true
ProjectManager.BackupPrevious=false
ProjectManager.CompilerOptimize=6
ProjectManager.ComputerToolchain=false
ProjectManager.CoupleFile=false
ProjectManager.CustomerFirmwarePackage=
ProjectManager.DefaultFWLocation=true
ProjectManager.DeletePrevious=true
ProjectManager.DeviceId=STM32H750XBHx
ProjectManager.FirmwarePackage=STM32Cube FW_H7 V1.11.0
ProjectManager.FreePins=false
ProjectManager.HalAssertFull=false
ProjectManager.HeapSize=0x3000
ProjectManager.KeepUserCode=true
ProjectManager.LastFirmware=false
ProjectManager.LibraryCopy=1
ProjectManager.MainLocation=Core/Src
ProjectManager.NoMain=false
ProjectManager.PreviousToolchain=
ProjectManager.ProjectBuild=false
ProjectManager.ProjectFileName=STM32H750XBH6.ioc
ProjectManager.ProjectName=STM32H750XBH6
ProjectManager.ProjectStructure=
ProjectManager.RegisterCallBack=
ProjectManager.StackSize=0x2000
ProjectManager.TargetToolchain=MDK-ARM V5.32
ProjectManager.ToolChainLocation=
ProjectManager.UAScriptAfterPath=
ProjectManager.UAScriptBeforePath=
ProjectManager.UnderRoot=false
ProjectManager.functionlistsort=1-SystemClock_Config-RCC-false-HAL-false,2-MX_GPIO_Init-GPIO-false-HAL-true,3-MX_DMA_Init-DMA-false-HAL-true,4-MX_MDMA_Init-MDMA-false-HAL-true,5-MX_QUADSPI_Init-QUADSPI-false-HAL-true,6-MX_SDMMC1_SD_Init-SDMMC1-false-HAL-true,7-MX_USART1_UART_Init-USART1-false-HAL-true,8-MX_FMC_Init-FMC-false-HAL-true,9-MX_SPI5_Init-SPI5-false-HAL-true,10-MX_FATFS_Init-FATFS-false-HAL-false,0-MX_CORTEX_M7_Init-CORTEX_M7-false-HAL-true
QUADSPI.ClockMode=QSPI_CLOCK_MODE_0
QUADSPI.ClockPrescaler=1
QUADSPI.FifoThreshold=32
QUADSPI.FlashSize=23
QUADSPI.IPParameters=ClockPrescaler,FifoThreshold,SampleShifting,FlashSize,ClockMode
QUADSPI.SampleShifting=QSPI_SAMPLE_SHIFTING_HALFCYCLE
RCC.ADCFreq_Value=50390625
RCC.AHB12Freq_Value=240000000
RCC.AHB4Freq_Value=240000000
RCC.APB1Freq_Value=120000000
RCC.APB2Freq_Value=120000000
RCC.APB3Freq_Value=120000000
RCC.APB4Freq_Value=120000000
RCC.AXIClockFreq_Value=240000000
RCC.CECFreq_Value=32000
RCC.CKPERFreq_Value=64000000
RCC.CortexFreq_Value=480000000
RCC.CpuClockFreq_Value=480000000
RCC.D1CPREFreq_Value=480000000
RCC.D1PPRE=RCC_APB3_DIV2
RCC.D2PPRE1=RCC_APB1_DIV2
RCC.D2PPRE2=RCC_APB2_DIV2
RCC.D3PPRE=RCC_APB4_DIV2
RCC.DFSDMACLkFreq_Value=240000000
RCC.DFSDMFreq_Value=120000000
RCC.DIVM1=5
RCC.DIVM3=5
RCC.DIVN1=192
RCC.DIVN3=100
RCC.DIVP1Freq_Value=480000000
RCC.DIVP2Freq_Value=50390625
RCC.DIVP3Freq_Value=250000000
RCC.DIVQ1=4
RCC.DIVQ1Freq_Value=240000000
RCC.DIVQ2Freq_Value=50390625
RCC.DIVQ3=50
RCC.DIVQ3Freq_Value=10000000
RCC.DIVR1Freq_Value=480000000
RCC.DIVR2Freq_Value=50390625
RCC.DIVR3=50
RCC.DIVR3Freq_Value=10000000
RCC.FDCANFreq_Value=240000000
RCC.FMCFreq_Value=240000000
RCC.FamilyName=M
RCC.HCLK3ClockFreq_Value=240000000
RCC.HCLKFreq_Value=240000000
RCC.HPRE=RCC_HCLK_DIV2
RCC.HRTIMFreq_Value=240000000
RCC.I2C123Freq_Value=120000000
RCC.I2C4Freq_Value=120000000
RCC.IPParameters=ADCFreq_Value,AHB12Freq_Value,AHB4Freq_Value,APB1Freq_Value,APB2Freq_Value,APB3Freq_Value,APB4Freq_Value,AXIClockFreq_Value,CECFreq_Value,CKPERFreq_Value,CortexFreq_Value,CpuClockFreq_Value,D1CPREFreq_Value,D1PPRE,D2PPRE1,D2PPRE2,D3PPRE,DFSDMACLkFreq_Value,DFSDMFreq_Value,DIVM1,DIVM3,DIVN1,DIVN3,DIVP1Freq_Value,DIVP2Freq_Value,DIVP3Freq_Value,DIVQ1,DIVQ1Freq_Value,DIVQ2Freq_Value,DIVQ3,DIVQ3Freq_Value,DIVR1Freq_Value,DIVR2Freq_Value,DIVR3,DIVR3Freq_Value,FDCANFreq_Value,FMCFreq_Value,FamilyName,HCLK3ClockFreq_Value,HCLKFreq_Value,HPRE,HRTIMFreq_Value,I2C123Freq_Value,I2C4Freq_Value,LPTIM1Freq_Value,LPTIM2Freq_Value,LPTIM345Freq_Value,LPUART1Freq_Value,LTDCFreq_Value,MCO1PinFreq_Value,MCO2PinFreq_Value,PLLSourceVirtual,ProductRev,QSPIFreq_Value,RNGFreq_Value,RTCClockSelection,RTCFreq_Value,SAI1Freq_Value,SAI23Freq_Value,SAI4AFreq_Value,SAI4BFreq_Value,SDMMCFreq_Value,SPDIFRXFreq_Value,SPI123Freq_Value,SPI45Freq_Value,SPI6Freq_Value,SWPMI1Freq_Value,SYSCLKFreq_VALUE,SYSCLKSource,Tim1OutputFreq_Value,Tim2OutputFreq_Value,TraceFreq_Value,USART16Freq_Value,USART234578Freq_Value,USBFreq_Value,VCO1OutputFreq_Value,VCO2OutputFreq_Value,VCO3OutputFreq_Value,VCOInput1Freq_Value,VCOInput2Freq_Value,VCOInput3Freq_Value
RCC.LPTIM1Freq_Value=120000000
RCC.LPTIM2Freq_Value=120000000
RCC.LPTIM345Freq_Value=120000000
RCC.LPUART1Freq_Value=120000000
RCC.LTDCFreq_Value=10000000
RCC.MCO1PinFreq_Value=64000000
RCC.MCO2PinFreq_Value=480000000
RCC.PLLSourceVirtual=RCC_PLLSOURCE_HSE
RCC.ProductRev=revV
RCC.QSPIFreq_Value=240000000
RCC.RNGFreq_Value=48000000
RCC.RTCClockSelection=RCC_RTCCLKSOURCE_LSE
RCC.RTCFreq_Value=32768
RCC.SAI1Freq_Value=240000000
RCC.SAI23Freq_Value=240000000
RCC.SAI4AFreq_Value=240000000
RCC.SAI4BFreq_Value=240000000
RCC.SDMMCFreq_Value=240000000
RCC.SPDIFRXFreq_Value=240000000
RCC.SPI123Freq_Value=240000000
RCC.SPI45Freq_Value=120000000
RCC.SPI6Freq_Value=120000000
RCC.SWPMI1Freq_Value=120000000
RCC.SYSCLKFreq_VALUE=480000000
RCC.SYSCLKSource=RCC_SYSCLKSOURCE_PLLCLK
RCC.Tim1OutputFreq_Value=240000000
RCC.Tim2OutputFreq_Value=240000000
RCC.TraceFreq_Value=64000000
RCC.USART16Freq_Value=120000000
RCC.USART234578Freq_Value=120000000
RCC.USBFreq_Value=240000000
RCC.VCO1OutputFreq_Value=960000000
RCC.VCO2OutputFreq_Value=100781250
RCC.VCO3OutputFreq_Value=500000000
RCC.VCOInput1Freq_Value=5000000
RCC.VCOInput2Freq_Value=781250
RCC.VCOInput3Freq_Value=5000000
SDMMC1.ClockDiv=2
SDMMC1.IPParameters=ClockDiv
SH.FMC_A0.0=FMC_A0,12b-sda1
SH.FMC_A0.ConfNb=1
SH.FMC_A1.0=FMC_A1,12b-sda1
SH.FMC_A1.ConfNb=1
SH.FMC_A10.0=FMC_A10,12b-sda1
SH.FMC_A10.ConfNb=1
SH.FMC_A11.0=FMC_A11,12b-sda1
SH.FMC_A11.ConfNb=1
SH.FMC_A14_BA0.0=FMC_BA0,FourSdramBanks1
SH.FMC_A14_BA0.ConfNb=1
SH.FMC_A15_BA1.0=FMC_BA1,FourSdramBanks1
SH.FMC_A15_BA1.ConfNb=1
SH.FMC_A2.0=FMC_A2,12b-sda1
SH.FMC_A2.ConfNb=1
SH.FMC_A3.0=FMC_A3,12b-sda1
SH.FMC_A3.ConfNb=1
SH.FMC_A4.0=FMC_A4,12b-sda1
SH.FMC_A4.ConfNb=1
SH.FMC_A5.0=FMC_A5,12b-sda1
SH.FMC_A5.ConfNb=1
SH.FMC_A6.0=FMC_A6,12b-sda1
SH.FMC_A6.ConfNb=1
SH.FMC_A7.0=FMC_A7,12b-sda1
SH.FMC_A7.ConfNb=1
SH.FMC_A8.0=FMC_A8,12b-sda1
SH.FMC_A8.ConfNb=1
SH.FMC_A9.0=FMC_A9,12b-sda1
SH.FMC_A9.ConfNb=1
SH.FMC_D0_DA0.0=FMC_D0,sd-16b-d1
SH.FMC_D0_DA0.ConfNb=1
SH.FMC_D10_DA10.0=FMC_D10,sd-16b-d1
SH.FMC_D10_DA10.ConfNb=1
SH.FMC_D11_DA11.0=FMC_D11,sd-16b-d1
SH.FMC_D11_DA11.ConfNb=1
SH.FMC_D12_DA12.0=FMC_D12,sd-16b-d1
SH.FMC_D12_DA12.ConfNb=1
SH.FMC_D13_DA13.0=FMC_D13,sd-16b-d1
SH.FMC_D13_DA13.ConfNb=1
SH.FMC_D14_DA14.0=FMC_D14,sd-16b-d1
SH.FMC_D14_DA14.ConfNb=1
SH.FMC_D15_DA15.0=FMC_D15,sd-16b-d1
SH.FMC_D15_DA15.ConfNb=1
SH.FMC_D1_DA1.0=FMC_D1,sd-16b-d1
SH.FMC_D1_DA1.ConfNb=1
SH.FMC_D2_DA2.0=FMC_D2,sd-16b-d1
SH.FMC_D2_DA2.ConfNb=1
SH.FMC_D3_DA3.0=FMC_D3,sd-16b-d1
SH.FMC_D3_DA3.ConfNb=1
SH.FMC_D4_DA4.0=FMC_D4,sd-16b-d1
SH.FMC_D4_DA4.ConfNb=1
SH.FMC_D5_DA5.0=FMC_D5,sd-16b-d1
SH.FMC_D5_DA5.ConfNb=1
SH.FMC_D6_DA6.0=FMC_D6,sd-16b-d1
SH.FMC_D6_DA6.ConfNb=1
SH.FMC_D7_DA7.0=FMC_D7,sd-16b-d1
SH.FMC_D7_DA7.ConfNb=1
SH.FMC_D8_DA8.0=FMC_D8,sd-16b-d1
SH.FMC_D8_DA8.ConfNb=1
SH.FMC_D9_DA9.0=FMC_D9,sd-16b-d1
SH.FMC_D9_DA9.ConfNb=1
SH.FMC_NBL0.0=FMC_NBL0,Sd2ByteEnable1
SH.FMC_NBL0.ConfNb=1
SH.FMC_NBL1.0=FMC_NBL1,Sd2ByteEnable1
SH.FMC_NBL1.ConfNb=1
SH.FMC_SDCLK.0=FMC_SDCLK,12b-sda1
SH.FMC_SDCLK.ConfNb=1
SH.FMC_SDNCAS.0=FMC_SDNCAS,12b-sda1
SH.FMC_SDNCAS.ConfNb=1
SH.FMC_SDNRAS.0=FMC_SDNRAS,12b-sda1
SH.FMC_SDNRAS.ConfNb=1
SH.FMC_SDNWE.0=FMC_SDNWE,12b-sda1
SH.FMC_SDNWE.ConfNb=1
SPI5.CalculateBaudRate=60.0 MBits/s
SPI5.DataSize=SPI_DATASIZE_8BIT
SPI5.Direction=SPI_DIRECTION_2LINES_TXONLY
SPI5.FifoThreshold=SPI_FIFO_THRESHOLD_02DATA
SPI5.IPParameters=VirtualType,Mode,Direction,CalculateBaudRate,DataSize,FifoThreshold
SPI5.Mode=SPI_MODE_MASTER
SPI5.VirtualType=VM_MASTER
STMicroelectronics.X-CUBE-TOUCHGFX.4.20.0.GraphicsJjApplication_Checked=false
STMicroelectronics.X-CUBE-TOUCHGFX.4.20.0.IPParameters=tgfx_custom_height,tgfx_buffering_strategy,tgfx_location,tgfx_address1,tgfx_address2,tgfx_display_interface,tgfx_vsync,tgfx_hardware_accelerator
STMicroelectronics.X-CUBE-TOUCHGFX.4.20.0.tgfx_address1=0xC0000000
STMicroelectronics.X-CUBE-TOUCHGFX.4.20.0.tgfx_address2=0xC00BB800
STMicroelectronics.X-CUBE-TOUCHGFX.4.20.0.tgfx_buffering_strategy=Double
STMicroelectronics.X-CUBE-TOUCHGFX.4.20.0.tgfx_custom_height=480
STMicroelectronics.X-CUBE-TOUCHGFX.4.20.0.tgfx_display_interface=disp_ltdc
STMicroelectronics.X-CUBE-TOUCHGFX.4.20.0.tgfx_hardware_accelerator=dma_2d
STMicroelectronics.X-CUBE-TOUCHGFX.4.20.0.tgfx_location=By Address
STMicroelectronics.X-CUBE-TOUCHGFX.4.20.0.tgfx_vsync=vsync_ltdc
STMicroelectronics.X-CUBE-TOUCHGFX.4.20.0_IsPackSelfContextualization=true
STMicroelectronics.X-CUBE-TOUCHGFX.4.20.0_SwParameter=ApplicationCcGraphicsJjApplication\:TouchGFXOoGenerator;
USART1.IPParameters=VirtualMode-Asynchronous
USART1.VirtualMode-Asynchronous=VM_ASYNC
VP_FATFS_VS_SDIO.Mode=SDIO
VP_FATFS_VS_SDIO.Signal=FATFS_VS_SDIO
VP_FREERTOS_VS_CMSIS_V2.Mode=CMSIS_V2
VP_FREERTOS_VS_CMSIS_V2.Signal=FREERTOS_VS_CMSIS_V2
VP_SYS_VS_tim2.Mode=TIM2
VP_SYS_VS_tim2.Signal=SYS_VS_tim2
board=custom
rtos.0.ip=FREERTOS
rtos.0.tasks.0=allocationType,Dynamic;bufferName,NULL;codeGen,Default;controlBlockName,NULL;entry,StartDefaultTask;name,defaultTask;parameter,NULL;priority,osPriorityNormal;stackSize,128
